
Microsoft Visual Studio Solution File, Format Version 12.00
# Visual Studio Version 17
VisualStudioVersion = 17.4.33205.214
MinimumVisualStudioVersion = 10.0.40219.1
Project("{9A19103F-16F7-4668-BE54-9A1E7A4F7556}") = "Interfaz", "Interfaz\Interfaz.csproj", "{E2AD563C-79FF-4703-8E77-00797C0C9B3C}"
EndProject
Project("{9A19103F-16F7-4668-BE54-9A1E7A4F7556}") = "Modelos", "Modelos\Modelos.csproj", "{7FDB469A-B64E-4517-BF9D-A158E73D3655}"
EndProject
Project("{9A19103F-16F7-4668-BE54-9A1E7A4F7556}") = "Datos", "Datos\Datos.csproj", "{04185FA5-127A-49FA-ACF9-6E5CF57EF0A0}"
EndProject
Project("{FAE04EC0-301F-11D3-BF4B-00C04F79EFBC}") = "Negocios", "Negocios\Negocios.csproj", "{F344B974-D04F-4631-834A-19B65DE0B7B0}"
EndProject
Project("{54435603-DBB4-11D2-8724-00A0C9A8B90C}") = "Instalador", "Instalador\Instalador.vdproj", "{D471F1C7-F923-4B12-9354-336CAC3D2FEB}"
EndProject
Global
	GlobalSection(SolutionConfigurationPlatforms) = preSolution
		Debug|Any CPU = Debug|Any CPU
		Release|Any CPU = Release|Any CPU
	EndGlobalSection
	GlobalSection(ProjectConfigurationPlatforms) = postSolution
		{E2AD563C-79FF-4703-8E77-00797C0C9B3C}.Debug|Any CPU.ActiveCfg = Debug|Any CPU
		{E2AD563C-79FF-4703-8E77-00797C0C9B3C}.Debug|Any CPU.Build.0 = Debug|Any CPU
		{E2AD563C-79FF-4703-8E77-00797C0C9B3C}.Release|Any CPU.ActiveCfg = Release|Any CPU
		{E2AD563C-79FF-4703-8E77-00797C0C9B3C}.Release|Any CPU.Build.0 = Release|Any CPU
		{7FDB469A-B64E-4517-BF9D-A158E73D3655}.Debug|Any CPU.ActiveCfg = Debug|Any CPU
		{7FDB469A-B64E-4517-BF9D-A158E73D3655}.Debug|Any CPU.Build.0 = Debug|Any CPU
		{7FDB469A-B64E-4517-BF9D-A158E73D3655}.Release|Any CPU.ActiveCfg = Release|Any CPU
		{7FDB469A-B64E-4517-BF9D-A158E73D3655}.Release|Any CPU.Build.0 = Release|Any CPU
		{04185FA5-127A-49FA-ACF9-6E5CF57EF0A0}.Debug|Any CPU.ActiveCfg = Debug|Any CPU
		{04185FA5-127A-49FA-ACF9-6E5CF57EF0A0}.Debug|Any CPU.Build.0 = Debug|Any CPU
		{04185FA5-127A-49FA-ACF9-6E5CF57EF0A0}.Release|Any CPU.ActiveCfg = Release|Any CPU
		{04185FA5-127A-49FA-ACF9-6E5CF57EF0A0}.Release|Any CPU.Build.0 = Release|Any CPU
		{F344B974-D04F-4631-834A-19B65DE0B7B0}.Debug|Any CPU.ActiveCfg = Debug|Any CPU
		{F344B974-D04F-4631-834A-19B65DE0B7B0}.Debug|Any CPU.Build.0 = Debug|Any CPU
		{F344B974-D04F-4631-834A-19B65DE0B7B0}.Release|Any CPU.ActiveCfg = Release|Any CPU
		{F344B974-D04F-4631-834A-19B65DE0B7B0}.Release|Any CPU.Build.0 = Release|Any CPU
		{D471F1C7-F923-4B12-9354-336CAC3D2FEB}.Debug|Any CPU.ActiveCfg = Debug
		{D471F1C7-F923-4B12-9354-336CAC3D2FEB}.Release|Any CPU.ActiveCfg = Release
	EndGlobalSection
	GlobalSection(SolutionProperties) = preSolution
		HideSolutionNode = FALSE
	EndGlobalSection
	GlobalSection(ExtensibilityGlobals) = postSolution
		SolutionGuid = {AA88CB92-6AA9-4B22-9DB1-5566A30565DE}
	EndGlobalSection
EndGlobal
