
Microsoft Visual Studio Solution File, Format Version 12.00
# Visual Studio Version 17
VisualStudioVersion = 17.4.33205.214
MinimumVisualStudioVersion = 10.0.40219.1
Project("{9A19103F-16F7-4668-BE54-9A1E7A4F7556}") = "Interfaz", "Interfaz\Interfaz.csproj", "{E2AD563C-79FF-4703-8E77-00797C0C9B3C}"
EndProject
Project("{9A19103F-16F7-4668-BE54-9A1E7A4F7556}") = "Modelos", "Modelos\Modelos.csproj", "{7FDB469A-B64E-4517-BF9D-A158E73D3655}"
EndProject
Project("{9A19103F-16F7-4668-BE54-9A1E7A4F7556}") = "Datos", "Datos\Datos.csproj", "{04185FA5-127A-49FA-ACF9-6E5CF57EF0A0}"
EndProject
Project("{9A19103F-16F7-4668-BE54-9A1E7A4F7556}") = "Negocio", "Negocio\Negocio.csproj", "{BB233CB0-3FE4-4288-ABF7-7AB18945C8EF}"
EndProject
Project("{54435603-DBB4-11D2-8724-00A0C9A8B90C}") = "Instalador", "Instalador\Instalador.vdproj", "{79B49C07-33BC-45EB-B0F5-6D412A94880D}"
EndProject
Global
	GlobalSection(SolutionConfigurationPlatforms) = preSolution
		Debug|Any CPU = Debug|Any CPU
		Release|Any CPU = Release|Any CPU
	EndGlobalSection
	GlobalSection(ProjectConfigurationPlatforms) = postSolution
		{E2AD563C-79FF-4703-8E77-00797C0C9B3C}.Debug|Any CPU.ActiveCfg = Debug|Any CPU
		{E2AD563C-79FF-4703-8E77-00797C0C9B3C}.Debug|Any CPU.Build.0 = Debug|Any CPU
		{E2AD563C-79FF-4703-8E77-00797C0C9B3C}.Release|Any CPU.ActiveCfg = Release|Any CPU
		{E2AD563C-79FF-4703-8E77-00797C0C9B3C}.Release|Any CPU.Build.0 = Release|Any CPU
		{7FDB469A-B64E-4517-BF9D-A158E73D3655}.Debug|Any CPU.ActiveCfg = Debug|Any CPU
		{7FDB469A-B64E-4517-BF9D-A158E73D3655}.Debug|Any CPU.Build.0 = Debug|Any CPU
		{7FDB469A-B64E-4517-BF9D-A158E73D3655}.Release|Any CPU.ActiveCfg = Release|Any CPU
		{7FDB469A-B64E-4517-BF9D-A158E73D3655}.Release|Any CPU.Build.0 = Release|Any CPU
		{04185FA5-127A-49FA-ACF9-6E5CF57EF0A0}.Debug|Any CPU.ActiveCfg = Debug|Any CPU
		{04185FA5-127A-49FA-ACF9-6E5CF57EF0A0}.Debug|Any CPU.Build.0 = Debug|Any CPU
		{04185FA5-127A-49FA-ACF9-6E5CF57EF0A0}.Release|Any CPU.ActiveCfg = Release|Any CPU
		{04185FA5-127A-49FA-ACF9-6E5CF57EF0A0}.Release|Any CPU.Build.0 = Release|Any CPU
		{BB233CB0-3FE4-4288-ABF7-7AB18945C8EF}.Debug|Any CPU.ActiveCfg = Debug|Any CPU
		{BB233CB0-3FE4-4288-ABF7-7AB18945C8EF}.Debug|Any CPU.Build.0 = Debug|Any CPU
		{BB233CB0-3FE4-4288-ABF7-7AB18945C8EF}.Release|Any CPU.ActiveCfg = Release|Any CPU
		{BB233CB0-3FE4-4288-ABF7-7AB18945C8EF}.Release|Any CPU.Build.0 = Release|Any CPU
		{79B49C07-33BC-45EB-B0F5-6D412A94880D}.Debug|Any CPU.ActiveCfg = Debug
		{79B49C07-33BC-45EB-B0F5-6D412A94880D}.Release|Any CPU.ActiveCfg = Release
	EndGlobalSection
	GlobalSection(SolutionProperties) = preSolution
		HideSolutionNode = FALSE
	EndGlobalSection
	GlobalSection(ExtensibilityGlobals) = postSolution
		SolutionGuid = {AA88CB92-6AA9-4B22-9DB1-5566A30565DE}
	EndGlobalSection
EndGlobal
